
Microsoft Visual Studio Solution File, Format Version 12.00
# Visual Studio Version 17
VisualStudioVersion = 17.12.35707.178
MinimumVisualStudioVersion = 10.0.40219.1
Project("{2150E333-8FDC-42A3-9474-1A3956D46DE8}") = "src", "src", "{C792DF74-8762-4D81-8F33-A9FFC873FBFE}"
EndProject
Project("{2150E333-8FDC-42A3-9474-1A3956D46DE8}") = "API", "API", "{02EA681E-C7D8-13C7-8484-4AC65E1B71E8}"
EndProject
Project("{2150E333-8FDC-42A3-9474-1A3956D46DE8}") = "WS", "WS", "{366CCFFC-7980-473E-9149-735F8EBA898D}"
EndProject
Project("{FAE04EC0-301F-11D3-BF4B-00C04F79EFBC}") = "Domain", "Domain\Domain.csproj", "{E528BBC3-1C26-8C35-F682-23718816ADCD}"
EndProject
Project("{FAE04EC0-301F-11D3-BF4B-00C04F79EFBC}") = "Infrastructure", "Infrastructure\Infrastructure.csproj", "{5872AEB3-BAA3-FE31-B0EB-0FB6DBEDCF83}"
EndProject
Project("{FAE04EC0-301F-11D3-BF4B-00C04F79EFBC}") = "Application", "Application\Application.csproj", "{F80C4E72-27A0-12B5-0634-DD5C11CFB0C1}"
EndProject
Project("{FAE04EC0-301F-11D3-BF4B-00C04F79EFBC}") = "Payments.Api", "Payments.API\Payments.Api.csproj", "{50E0F317-37C6-6F62-82AD-B6FCB5265A2B}"
EndProject
Project("{2150E333-8FDC-42A3-9474-1A3956D46DE8}") = "Services", "Services", "{7CE3991F-9CA3-4A14-BD1D-8A7EDAC422ED}"
EndProject
Project("{FAE04EC0-301F-11D3-BF4B-00C04F79EFBC}") = "KafkaClient.Service", "KafkaClient.Service\KafkaClient.Service.csproj", "{8E4719F6-14E2-4C30-B3BA-8882D5107C2B}"
EndProject
Project("{FAE04EC0-301F-11D3-BF4B-00C04F79EFBC}") = "MessagesProcesor.WS", "MessagesProcesor.WS\MessagesProcesor.WS.csproj", "{B86BBFE2-00E1-499B-BF8D-11BD799742F2}"
EndProject
Global
	GlobalSection(SolutionConfigurationPlatforms) = preSolution
		Debug|Any CPU = Debug|Any CPU
		Release|Any CPU = Release|Any CPU
	EndGlobalSection
	GlobalSection(ProjectConfigurationPlatforms) = postSolution
		{E528BBC3-1C26-8C35-F682-23718816ADCD}.Debug|Any CPU.ActiveCfg = Debug|Any CPU
		{E528BBC3-1C26-8C35-F682-23718816ADCD}.Debug|Any CPU.Build.0 = Debug|Any CPU
		{E528BBC3-1C26-8C35-F682-23718816ADCD}.Release|Any CPU.ActiveCfg = Release|Any CPU
		{E528BBC3-1C26-8C35-F682-23718816ADCD}.Release|Any CPU.Build.0 = Release|Any CPU
		{5872AEB3-BAA3-FE31-B0EB-0FB6DBEDCF83}.Debug|Any CPU.ActiveCfg = Debug|Any CPU
		{5872AEB3-BAA3-FE31-B0EB-0FB6DBEDCF83}.Debug|Any CPU.Build.0 = Debug|Any CPU
		{5872AEB3-BAA3-FE31-B0EB-0FB6DBEDCF83}.Release|Any CPU.ActiveCfg = Release|Any CPU
		{5872AEB3-BAA3-FE31-B0EB-0FB6DBEDCF83}.Release|Any CPU.Build.0 = Release|Any CPU
		{F80C4E72-27A0-12B5-0634-DD5C11CFB0C1}.Debug|Any CPU.ActiveCfg = Debug|Any CPU
		{F80C4E72-27A0-12B5-0634-DD5C11CFB0C1}.Debug|Any CPU.Build.0 = Debug|Any CPU
		{F80C4E72-27A0-12B5-0634-DD5C11CFB0C1}.Release|Any CPU.ActiveCfg = Release|Any CPU
		{F80C4E72-27A0-12B5-0634-DD5C11CFB0C1}.Release|Any CPU.Build.0 = Release|Any CPU
		{50E0F317-37C6-6F62-82AD-B6FCB5265A2B}.Debug|Any CPU.ActiveCfg = Debug|Any CPU
		{50E0F317-37C6-6F62-82AD-B6FCB5265A2B}.Debug|Any CPU.Build.0 = Debug|Any CPU
		{50E0F317-37C6-6F62-82AD-B6FCB5265A2B}.Release|Any CPU.ActiveCfg = Release|Any CPU
		{50E0F317-37C6-6F62-82AD-B6FCB5265A2B}.Release|Any CPU.Build.0 = Release|Any CPU
		{8E4719F6-14E2-4C30-B3BA-8882D5107C2B}.Debug|Any CPU.ActiveCfg = Debug|Any CPU
		{8E4719F6-14E2-4C30-B3BA-8882D5107C2B}.Debug|Any CPU.Build.0 = Debug|Any CPU
		{8E4719F6-14E2-4C30-B3BA-8882D5107C2B}.Release|Any CPU.ActiveCfg = Release|Any CPU
		{8E4719F6-14E2-4C30-B3BA-8882D5107C2B}.Release|Any CPU.Build.0 = Release|Any CPU
		{B86BBFE2-00E1-499B-BF8D-11BD799742F2}.Debug|Any CPU.ActiveCfg = Debug|Any CPU
		{B86BBFE2-00E1-499B-BF8D-11BD799742F2}.Debug|Any CPU.Build.0 = Debug|Any CPU
		{B86BBFE2-00E1-499B-BF8D-11BD799742F2}.Release|Any CPU.ActiveCfg = Release|Any CPU
		{B86BBFE2-00E1-499B-BF8D-11BD799742F2}.Release|Any CPU.Build.0 = Release|Any CPU
	EndGlobalSection
	GlobalSection(SolutionProperties) = preSolution
		HideSolutionNode = FALSE
	EndGlobalSection
	GlobalSection(NestedProjects) = preSolution
		{02EA681E-C7D8-13C7-8484-4AC65E1B71E8} = {C792DF74-8762-4D81-8F33-A9FFC873FBFE}
		{366CCFFC-7980-473E-9149-735F8EBA898D} = {C792DF74-8762-4D81-8F33-A9FFC873FBFE}
		{E528BBC3-1C26-8C35-F682-23718816ADCD} = {C792DF74-8762-4D81-8F33-A9FFC873FBFE}
		{5872AEB3-BAA3-FE31-B0EB-0FB6DBEDCF83} = {C792DF74-8762-4D81-8F33-A9FFC873FBFE}
		{F80C4E72-27A0-12B5-0634-DD5C11CFB0C1} = {C792DF74-8762-4D81-8F33-A9FFC873FBFE}
		{50E0F317-37C6-6F62-82AD-B6FCB5265A2B} = {02EA681E-C7D8-13C7-8484-4AC65E1B71E8}
		{7CE3991F-9CA3-4A14-BD1D-8A7EDAC422ED} = {C792DF74-8762-4D81-8F33-A9FFC873FBFE}
		{8E4719F6-14E2-4C30-B3BA-8882D5107C2B} = {7CE3991F-9CA3-4A14-BD1D-8A7EDAC422ED}
		{B86BBFE2-00E1-499B-BF8D-11BD799742F2} = {366CCFFC-7980-473E-9149-735F8EBA898D}
	EndGlobalSection
	GlobalSection(ExtensibilityGlobals) = postSolution
		SolutionGuid = {0E8CDD25-B710-4BCB-8CC5-7E80A403144E}
	EndGlobalSection
EndGlobal
