
Microsoft Visual Studio Solution File, Format Version 12.00
# Visual Studio Version 17
VisualStudioVersion = 17.12.35707.178
MinimumVisualStudioVersion = 10.0.40219.1
Project("{2150E333-8FDC-42A3-9474-1A3956D46DE8}") = "src", "src", "{C792DF74-8762-4D81-8F33-A9FFC873FBFE}"
EndProject
Project("{FAE04EC0-301F-11D3-BF4B-00C04F79EFBC}") = "Transational.Api.Infrastructure", "Transational.Api.Infrastructure\Transational.Api.Infrastructure.csproj", "{5D2CB627-8E3F-40E8-B2A4-41175563FE4E}"
EndProject
Project("{FAE04EC0-301F-11D3-BF4B-00C04F79EFBC}") = "Transational.Api.Web", "Transational.Api.Web\Transational.Api.Web.csproj", "{50E6897C-FD86-4A13-9472-1138FFD26306}"
EndProject
Project("{FAE04EC0-301F-11D3-BF4B-00C04F79EFBC}") = "Transational.Api.Domain", "Transational.Api.Domain\Transational.Api.Domain.csproj", "{EC8540F2-A82B-421C-B501-C70B7065F6AD}"
EndProject
Project("{FAE04EC0-301F-11D3-BF4B-00C04F79EFBC}") = "Transational.Api.Application", "Transational.Api.Application\Transational.Api.Application.csproj", "{0A2A3AF2-C661-4621-A0A4-C0170939C827}"
EndProject
Global
	GlobalSection(SolutionConfigurationPlatforms) = preSolution
		Debug|Any CPU = Debug|Any CPU
		Release|Any CPU = Release|Any CPU
	EndGlobalSection
	GlobalSection(ProjectConfigurationPlatforms) = postSolution
		{5D2CB627-8E3F-40E8-B2A4-41175563FE4E}.Debug|Any CPU.ActiveCfg = Debug|Any CPU
		{5D2CB627-8E3F-40E8-B2A4-41175563FE4E}.Debug|Any CPU.Build.0 = Debug|Any CPU
		{5D2CB627-8E3F-40E8-B2A4-41175563FE4E}.Release|Any CPU.ActiveCfg = Release|Any CPU
		{5D2CB627-8E3F-40E8-B2A4-41175563FE4E}.Release|Any CPU.Build.0 = Release|Any CPU
		{50E6897C-FD86-4A13-9472-1138FFD26306}.Debug|Any CPU.ActiveCfg = Debug|Any CPU
		{50E6897C-FD86-4A13-9472-1138FFD26306}.Debug|Any CPU.Build.0 = Debug|Any CPU
		{50E6897C-FD86-4A13-9472-1138FFD26306}.Release|Any CPU.ActiveCfg = Release|Any CPU
		{50E6897C-FD86-4A13-9472-1138FFD26306}.Release|Any CPU.Build.0 = Release|Any CPU
		{EC8540F2-A82B-421C-B501-C70B7065F6AD}.Debug|Any CPU.ActiveCfg = Debug|Any CPU
		{EC8540F2-A82B-421C-B501-C70B7065F6AD}.Debug|Any CPU.Build.0 = Debug|Any CPU
		{EC8540F2-A82B-421C-B501-C70B7065F6AD}.Release|Any CPU.ActiveCfg = Release|Any CPU
		{EC8540F2-A82B-421C-B501-C70B7065F6AD}.Release|Any CPU.Build.0 = Release|Any CPU
		{0A2A3AF2-C661-4621-A0A4-C0170939C827}.Debug|Any CPU.ActiveCfg = Debug|Any CPU
		{0A2A3AF2-C661-4621-A0A4-C0170939C827}.Debug|Any CPU.Build.0 = Debug|Any CPU
		{0A2A3AF2-C661-4621-A0A4-C0170939C827}.Release|Any CPU.ActiveCfg = Release|Any CPU
		{0A2A3AF2-C661-4621-A0A4-C0170939C827}.Release|Any CPU.Build.0 = Release|Any CPU
	EndGlobalSection
	GlobalSection(SolutionProperties) = preSolution
		HideSolutionNode = FALSE
	EndGlobalSection
	GlobalSection(NestedProjects) = preSolution
		{5D2CB627-8E3F-40E8-B2A4-41175563FE4E} = {C792DF74-8762-4D81-8F33-A9FFC873FBFE}
		{50E6897C-FD86-4A13-9472-1138FFD26306} = {C792DF74-8762-4D81-8F33-A9FFC873FBFE}
		{EC8540F2-A82B-421C-B501-C70B7065F6AD} = {C792DF74-8762-4D81-8F33-A9FFC873FBFE}
		{0A2A3AF2-C661-4621-A0A4-C0170939C827} = {C792DF74-8762-4D81-8F33-A9FFC873FBFE}
	EndGlobalSection
EndGlobal
